
Microsoft Visual Studio Solution File, Format Version 12.00
# Visual Studio 15
VisualStudioVersion = 15.0.28307.329
MinimumVisualStudioVersion = 10.0.40219.1
Project("{FAE04EC0-301F-11D3-BF4B-00C04F79EFBC}") = "PleskEmailAliasManager", "PleskEmailAliasManager.csproj", "{83FD8382-7124-4A72-B4BA-C31410910945}"
EndProject
Global
	GlobalSection(SolutionConfigurationPlatforms) = preSolution
		Debug|Any CPU = Debug|Any CPU
		Release|Any CPU = Release|Any CPU
	EndGlobalSection
	GlobalSection(ProjectConfigurationPlatforms) = postSolution
		{83FD8382-7124-4A72-B4BA-C31410910945}.Debug|Any CPU.ActiveCfg = Debug|Any CPU
		{83FD8382-7124-4A72-B4BA-C31410910945}.Debug|Any CPU.Build.0 = Debug|Any CPU
		{83FD8382-7124-4A72-B4BA-C31410910945}.Release|Any CPU.ActiveCfg = Release|Any CPU
		{83FD8382-7124-4A72-B4BA-C31410910945}.Release|Any CPU.Build.0 = Release|Any CPU
	EndGlobalSection
	GlobalSection(SolutionProperties) = preSolution
		HideSolutionNode = FALSE
	EndGlobalSection
	GlobalSection(ExtensibilityGlobals) = postSolution
		SolutionGuid = {4B68C10E-5A48-441F-8E8A-CEB1EA4BBA72}
	EndGlobalSection
EndGlobal
